
Microsoft Visual Studio Solution File, Format Version 11.00
# Visual Studio 2010
Project("{8BC9CEB8-8B4A-11D0-8D11-00A0C91BC942}") = "eBoard", "eBoard\eBoard.vcxproj", "{BA4B5EC5-5649-44AA-A891-8E3B8F06D92A}"
EndProject
Global
	GlobalSection(SolutionConfigurationPlatforms) = preSolution
		Debug|Win32 = Debug|Win32
		Release|Win32 = Release|Win32
	EndGlobalSection
	GlobalSection(ProjectConfigurationPlatforms) = postSolution
		{BA4B5EC5-5649-44AA-A891-8E3B8F06D92A}.Debug|Win32.ActiveCfg = Debug|Win32
		{BA4B5EC5-5649-44AA-A891-8E3B8F06D92A}.Debug|Win32.Build.0 = Debug|Win32
		{BA4B5EC5-5649-44AA-A891-8E3B8F06D92A}.Release|Win32.ActiveCfg = Release|Win32
		{BA4B5EC5-5649-44AA-A891-8E3B8F06D92A}.Release|Win32.Build.0 = Release|Win32
	EndGlobalSection
	GlobalSection(SolutionProperties) = preSolution
		HideSolutionNode = FALSE
	EndGlobalSection
EndGlobal
